// !$*UTF8*$!
{
	archiveVersion = 1;
	classes = {
	};
	objectVersion = 50;
	objects = {

/* Begin PBXBuildFile section */
		14CF43A4270984DA004BD07F /* AppDelegate.swift in Sources */ = {isa = PBXBuildFile; fileRef = 14CF43A3270984DA004BD07F /* AppDelegate.swift */; };
		14CF43A6270984DA004BD07F /* SceneDelegate.swift in Sources */ = {isa = PBXBuildFile; fileRef = 14CF43A5270984DA004BD07F /* SceneDelegate.swift */; };
		14CF43AD270984DD004BD07F /* Assets.xcassets in Resources */ = {isa = PBXBuildFile; fileRef = 14CF43AC270984DD004BD07F /* Assets.xcassets */; };
		14CF43B0270984DD004BD07F /* LaunchScreen.storyboard in Resources */ = {isa = PBXBuildFile; fileRef = 14CF43AE270984DD004BD07F /* LaunchScreen.storyboard */; };
		14CF43BB270984DE004BD07F /* GitHubClientTests.swift in Sources */ = {isa = PBXBuildFile; fileRef = 14CF43BA270984DE004BD07F /* GitHubClientTests.swift */; };
		14CF43DA27098A0A004BD07F /* RepositoryListPresenter.swift in Sources */ = {isa = PBXBuildFile; fileRef = 14CF43D927098A0A004BD07F /* RepositoryListPresenter.swift */; };
		14CF43DC27098A32004BD07F /* RepositoryListInteractor.swift in Sources */ = {isa = PBXBuildFile; fileRef = 14CF43DB27098A32004BD07F /* RepositoryListInteractor.swift */; };
		14CF43DF27098A57004BD07F /* RepositoryListRouter.swift in Sources */ = {isa = PBXBuildFile; fileRef = 14CF43DE27098A57004BD07F /* RepositoryListRouter.swift */; };
		14CF43E127098B0E004BD07F /* RepositoryListViewController.swift in Sources */ = {isa = PBXBuildFile; fileRef = 14CF43E027098B0D004BD07F /* RepositoryListViewController.swift */; };
		14CF43E327098B23004BD07F /* RepositoryList.storyboard in Resources */ = {isa = PBXBuildFile; fileRef = 14CF43E227098B23004BD07F /* RepositoryList.storyboard */; };
/* End PBXBuildFile section */

/* Begin PBXContainerItemProxy section */
		14CF43B7270984DE004BD07F /* PBXContainerItemProxy */ = {
			isa = PBXContainerItemProxy;
			containerPortal = 14CF4398270984DA004BD07F /* Project object */;
			proxyType = 1;
			remoteGlobalIDString = 14CF439F270984DA004BD07F;
			remoteInfo = GitHubClient;
		};
		14CF43C2270984DE004BD07F /* PBXContainerItemProxy */ = {
			isa = PBXContainerItemProxy;
			containerPortal = 14CF4398270984DA004BD07F /* Project object */;
			proxyType = 1;
			remoteGlobalIDString = 14CF439F270984DA004BD07F;
			remoteInfo = GitHubClient;
		};
/* End PBXContainerItemProxy section */

/* Begin PBXFileReference section */
		14CF43A0270984DA004BD07F /* GitHubClient.app */ = {isa = PBXFileReference; explicitFileType = wrapper.application; includeInIndex = 0; path = GitHubClient.app; sourceTree = BUILT_PRODUCTS_DIR; };
		14CF43A3270984DA004BD07F /* AppDelegate.swift */ = {isa = PBXFileReference; lastKnownFileType = sourcecode.swift; path = AppDelegate.swift; sourceTree = "<group>"; };
		14CF43A5270984DA004BD07F /* SceneDelegate.swift */ = {isa = PBXFileReference; lastKnownFileType = sourcecode.swift; path = SceneDelegate.swift; sourceTree = "<group>"; };
		14CF43AC270984DD004BD07F /* Assets.xcassets */ = {isa = PBXFileReference; lastKnownFileType = folder.assetcatalog; path = Assets.xcassets; sourceTree = "<group>"; };
		14CF43AF270984DD004BD07F /* Base */ = {isa = PBXFileReference; lastKnownFileType = file.storyboard; name = Base; path = Base.lproj/LaunchScreen.storyboard; sourceTree = "<group>"; };
		14CF43B1270984DD004BD07F /* Info.plist */ = {isa = PBXFileReference; lastKnownFileType = text.plist.xml; path = Info.plist; sourceTree = "<group>"; };
		14CF43B6270984DE004BD07F /* GitHubClientTests.xctest */ = {isa = PBXFileReference; explicitFileType = wrapper.cfbundle; includeInIndex = 0; path = GitHubClientTests.xctest; sourceTree = BUILT_PRODUCTS_DIR; };
		14CF43BA270984DE004BD07F /* GitHubClientTests.swift */ = {isa = PBXFileReference; lastKnownFileType = sourcecode.swift; path = GitHubClientTests.swift; sourceTree = "<group>"; };
		14CF43BC270984DE004BD07F /* Info.plist */ = {isa = PBXFileReference; lastKnownFileType = text.plist.xml; path = Info.plist; sourceTree = "<group>"; };
		14CF43C1270984DE004BD07F /* GitHubClientUITests.xctest */ = {isa = PBXFileReference; explicitFileType = wrapper.cfbundle; includeInIndex = 0; path = GitHubClientUITests.xctest; sourceTree = BUILT_PRODUCTS_DIR; };
		14CF43D927098A0A004BD07F /* RepositoryListPresenter.swift */ = {isa = PBXFileReference; lastKnownFileType = sourcecode.swift; path = RepositoryListPresenter.swift; sourceTree = "<group>"; };
		14CF43DB27098A32004BD07F /* RepositoryListInteractor.swift */ = {isa = PBXFileReference; lastKnownFileType = sourcecode.swift; path = RepositoryListInteractor.swift; sourceTree = "<group>"; };
		14CF43DE27098A57004BD07F /* RepositoryListRouter.swift */ = {isa = PBXFileReference; lastKnownFileType = sourcecode.swift; path = RepositoryListRouter.swift; sourceTree = "<group>"; };
		14CF43E027098B0D004BD07F /* RepositoryListViewController.swift */ = {isa = PBXFileReference; lastKnownFileType = sourcecode.swift; path = RepositoryListViewController.swift; sourceTree = "<group>"; };
		14CF43E227098B23004BD07F /* RepositoryList.storyboard */ = {isa = PBXFileReference; lastKnownFileType = file.storyboard; path = RepositoryList.storyboard; sourceTree = "<group>"; };
/* End PBXFileReference section */

/* Begin PBXFrameworksBuildPhase section */
		14CF439D270984DA004BD07F /* Frameworks */ = {
			isa = PBXFrameworksBuildPhase;
			buildActionMask = 2147483647;
			files = (
			);
			runOnlyForDeploymentPostprocessing = 0;
		};
		14CF43B3270984DE004BD07F /* Frameworks */ = {
			isa = PBXFrameworksBuildPhase;
			buildActionMask = 2147483647;
			files = (
			);
			runOnlyForDeploymentPostprocessing = 0;
		};
		14CF43BE270984DE004BD07F /* Frameworks */ = {
			isa = PBXFrameworksBuildPhase;
			buildActionMask = 2147483647;
			files = (
			);
			runOnlyForDeploymentPostprocessing = 0;
		};
/* End PBXFrameworksBuildPhase section */

/* Begin PBXGroup section */
		14CF4397270984DA004BD07F = {
			isa = PBXGroup;
			children = (
				14CF43A2270984DA004BD07F /* GitHubClient */,
				14CF43B9270984DE004BD07F /* GitHubClientTests */,
				14CF43A1270984DA004BD07F /* Products */,
			);
			sourceTree = "<group>";
		};
		14CF43A1270984DA004BD07F /* Products */ = {
			isa = PBXGroup;
			children = (
				14CF43A0270984DA004BD07F /* GitHubClient.app */,
				14CF43B6270984DE004BD07F /* GitHubClientTests.xctest */,
				14CF43C1270984DE004BD07F /* GitHubClientUITests.xctest */,
			);
			name = Products;
			sourceTree = "<group>";
		};
		14CF43A2270984DA004BD07F /* GitHubClient */ = {
			isa = PBXGroup;
			children = (
				14CF43D327098998004BD07F /* Modules */,
				14CF43E427098F81004BD07F /* Entities */,
				14CF43E527098F8A004BD07F /* Utilities */,
				14CF43A3270984DA004BD07F /* AppDelegate.swift */,
				14CF43A5270984DA004BD07F /* SceneDelegate.swift */,
				14CF43AC270984DD004BD07F /* Assets.xcassets */,
				14CF43AE270984DD004BD07F /* LaunchScreen.storyboard */,
				14CF43B1270984DD004BD07F /* Info.plist */,
			);
			path = GitHubClient;
			sourceTree = "<group>";
		};
		14CF43B9270984DE004BD07F /* GitHubClientTests */ = {
			isa = PBXGroup;
			children = (
				14CF43BA270984DE004BD07F /* GitHubClientTests.swift */,
				14CF43BC270984DE004BD07F /* Info.plist */,
			);
			path = GitHubClientTests;
			sourceTree = "<group>";
		};
		14CF43D327098998004BD07F /* Modules */ = {
			isa = PBXGroup;
			children = (
				14CF43D4270989A3004BD07F /* RepositoryList */,
			);
			path = Modules;
			sourceTree = "<group>";
		};
		14CF43D4270989A3004BD07F /* RepositoryList */ = {
			isa = PBXGroup;
			children = (
				14CF43D5270989B9004BD07F /* View */,
				14CF43D6270989C1004BD07F /* Presenter */,
				14CF43D7270989CE004BD07F /* Interactor */,
				14CF43D8270989D9004BD07F /* Router */,
			);
			path = RepositoryList;
			sourceTree = "<group>";
		};
		14CF43D5270989B9004BD07F /* View */ = {
			isa = PBXGroup;
			children = (
				14CF43E027098B0D004BD07F /* RepositoryListViewController.swift */,
				14CF43E227098B23004BD07F /* RepositoryList.storyboard */,
			);
			path = View;
			sourceTree = "<group>";
		};
		14CF43D6270989C1004BD07F /* Presenter */ = {
			isa = PBXGroup;
			children = (
				14CF43D927098A0A004BD07F /* RepositoryListPresenter.swift */,
			);
			path = Presenter;
			sourceTree = "<group>";
		};
		14CF43D7270989CE004BD07F /* Interactor */ = {
			isa = PBXGroup;
			children = (
				14CF43DB27098A32004BD07F /* RepositoryListInteractor.swift */,
			);
			path = Interactor;
			sourceTree = "<group>";
		};
		14CF43D8270989D9004BD07F /* Router */ = {
			isa = PBXGroup;
			children = (
				14CF43DE27098A57004BD07F /* RepositoryListRouter.swift */,
			);
			path = Router;
			sourceTree = "<group>";
		};
		14CF43E427098F81004BD07F /* Entities */ = {
			isa = PBXGroup;
			children = (
			);
			path = Entities;
			sourceTree = "<group>";
		};
		14CF43E527098F8A004BD07F /* Utilities */ = {
			isa = PBXGroup;
			children = (
			);
			path = Utilities;
			sourceTree = "<group>";
		};
/* End PBXGroup section */

/* Begin PBXNativeTarget section */
		14CF439F270984DA004BD07F /* GitHubClient */ = {
			isa = PBXNativeTarget;
			buildConfigurationList = 14CF43CA270984DE004BD07F /* Build configuration list for PBXNativeTarget "GitHubClient" */;
			buildPhases = (
				14CF439C270984DA004BD07F /* Sources */,
				14CF439D270984DA004BD07F /* Frameworks */,
				14CF439E270984DA004BD07F /* Resources */,
			);
			buildRules = (
			);
			dependencies = (
			);
			name = GitHubClient;
			productName = GitHubClient;
			productReference = 14CF43A0270984DA004BD07F /* GitHubClient.app */;
			productType = "com.apple.product-type.application";
		};
		14CF43B5270984DE004BD07F /* GitHubClientTests */ = {
			isa = PBXNativeTarget;
			buildConfigurationList = 14CF43CD270984DE004BD07F /* Build configuration list for PBXNativeTarget "GitHubClientTests" */;
			buildPhases = (
				14CF43B2270984DE004BD07F /* Sources */,
				14CF43B3270984DE004BD07F /* Frameworks */,
				14CF43B4270984DE004BD07F /* Resources */,
			);
			buildRules = (
			);
			dependencies = (
				14CF43B8270984DE004BD07F /* PBXTargetDependency */,
			);
			name = GitHubClientTests;
			productName = GitHubClientTests;
			productReference = 14CF43B6270984DE004BD07F /* GitHubClientTests.xctest */;
			productType = "com.apple.product-type.bundle.unit-test";
		};
		14CF43C0270984DE004BD07F /* GitHubClientUITests */ = {
			isa = PBXNativeTarget;
			buildConfigurationList = 14CF43D0270984DE004BD07F /* Build configuration list for PBXNativeTarget "GitHubClientUITests" */;
			buildPhases = (
				14CF43BD270984DE004BD07F /* Sources */,
				14CF43BE270984DE004BD07F /* Frameworks */,
				14CF43BF270984DE004BD07F /* Resources */,
			);
			buildRules = (
			);
			dependencies = (
				14CF43C3270984DE004BD07F /* PBXTargetDependency */,
			);
			name = GitHubClientUITests;
			productName = GitHubClientUITests;
			productReference = 14CF43C1270984DE004BD07F /* GitHubClientUITests.xctest */;
			productType = "com.apple.product-type.bundle.ui-testing";
		};
/* End PBXNativeTarget section */

/* Begin PBXProject section */
		14CF4398270984DA004BD07F /* Project object */ = {
			isa = PBXProject;
			attributes = {
				LastSwiftUpdateCheck = 1250;
				LastUpgradeCheck = 1250;
				TargetAttributes = {
					14CF439F270984DA004BD07F = {
						CreatedOnToolsVersion = 12.5.1;
					};
					14CF43B5270984DE004BD07F = {
						CreatedOnToolsVersion = 12.5.1;
						TestTargetID = 14CF439F270984DA004BD07F;
					};
					14CF43C0270984DE004BD07F = {
						CreatedOnToolsVersion = 12.5.1;
						TestTargetID = 14CF439F270984DA004BD07F;
					};
				};
			};
			buildConfigurationList = 14CF439B270984DA004BD07F /* Build configuration list for PBXProject "GitHubClient" */;
			compatibilityVersion = "Xcode 9.3";
			developmentRegion = en;
			hasScannedForEncodings = 0;
			knownRegions = (
				en,
				Base,
			);
			mainGroup = 14CF4397270984DA004BD07F;
			productRefGroup = 14CF43A1270984DA004BD07F /* Products */;
			projectDirPath = "";
			projectRoot = "";
			targets = (
				14CF439F270984DA004BD07F /* GitHubClient */,
				14CF43B5270984DE004BD07F /* GitHubClientTests */,
				14CF43C0270984DE004BD07F /* GitHubClientUITests */,
			);
		};
/* End PBXProject section */

/* Begin PBXResourcesBuildPhase section */
		14CF439E270984DA004BD07F /* Resources */ = {
			isa = PBXResourcesBuildPhase;
			buildActionMask = 2147483647;
			files = (
				14CF43E327098B23004BD07F /* RepositoryList.storyboard in Resources */,
				14CF43B0270984DD004BD07F /* LaunchScreen.storyboard in Resources */,
				14CF43AD270984DD004BD07F /* Assets.xcassets in Resources */,
			);
			runOnlyForDeploymentPostprocessing = 0;
		};
		14CF43B4270984DE004BD07F /* Resources */ = {
			isa = PBXResourcesBuildPhase;
			buildActionMask = 2147483647;
			files = (
			);
			runOnlyForDeploymentPostprocessing = 0;
		};
		14CF43BF270984DE004BD07F /* Resources */ = {
			isa = PBXResourcesBuildPhase;
			buildActionMask = 2147483647;
			files = (
			);
			runOnlyForDeploymentPostprocessing = 0;
		};
/* End PBXResourcesBuildPhase section */

/* Begin PBXSourcesBuildPhase section */
		14CF439C270984DA004BD07F /* Sources */ = {
			isa = PBXSourcesBuildPhase;
			buildActionMask = 2147483647;
			files = (
				14CF43E127098B0E004BD07F /* RepositoryListViewController.swift in Sources */,
				14CF43DA27098A0A004BD07F /* RepositoryListPresenter.swift in Sources */,
				14CF43A4270984DA004BD07F /* AppDelegate.swift in Sources */,
				14CF43A6270984DA004BD07F /* SceneDelegate.swift in Sources */,
				14CF43DF27098A57004BD07F /* RepositoryListRouter.swift in Sources */,
				14CF43DC27098A32004BD07F /* RepositoryListInteractor.swift in Sources */,
			);
			runOnlyForDeploymentPostprocessing = 0;
		};
		14CF43B2270984DE004BD07F /* Sources */ = {
			isa = PBXSourcesBuildPhase;
			buildActionMask = 2147483647;
			files = (
				14CF43BB270984DE004BD07F /* GitHubClientTests.swift in Sources */,
			);
			runOnlyForDeploymentPostprocessing = 0;
		};
		14CF43BD270984DE004BD07F /* Sources */ = {
			isa = PBXSourcesBuildPhase;
			buildActionMask = 2147483647;
			files = (
			);
			runOnlyForDeploymentPostprocessing = 0;
		};
/* End PBXSourcesBuildPhase section */

/* Begin PBXTargetDependency section */
		14CF43B8270984DE004BD07F /* PBXTargetDependency */ = {
			isa = PBXTargetDependency;
			target = 14CF439F270984DA004BD07F /* GitHubClient */;
			targetProxy = 14CF43B7270984DE004BD07F /* PBXContainerItemProxy */;
		};
		14CF43C3270984DE004BD07F /* PBXTargetDependency */ = {
			isa = PBXTargetDependency;
			target = 14CF439F270984DA004BD07F /* GitHubClient */;
			targetProxy = 14CF43C2270984DE004BD07F /* PBXContainerItemProxy */;
		};
/* End PBXTargetDependency section */

/* Begin PBXVariantGroup section */
		14CF43AE270984DD004BD07F /* LaunchScreen.storyboard */ = {
			isa = PBXVariantGroup;
			children = (
				14CF43AF270984DD004BD07F /* Base */,
			);
			name = LaunchScreen.storyboard;
			sourceTree = "<group>";
		};
/* End PBXVariantGroup section */

/* Begin XCBuildConfiguration section */
		14CF43C8270984DE004BD07F /* Debug */ = {
			isa = XCBuildConfiguration;
			buildSettings = {
				ALWAYS_SEARCH_USER_PATHS = NO;
				CLANG_ANALYZER_NONNULL = YES;
				CLANG_ANALYZER_NUMBER_OBJECT_CONVERSION = YES_AGGRESSIVE;
				CLANG_CXX_LANGUAGE_STANDARD = "gnu++14";
				CLANG_CXX_LIBRARY = "libc++";
				CLANG_ENABLE_MODULES = YES;
				CLANG_ENABLE_OBJC_ARC = YES;
				CLANG_ENABLE_OBJC_WEAK = YES;
				CLANG_WARN_BLOCK_CAPTURE_AUTORELEASING = YES;
				CLANG_WARN_BOOL_CONVERSION = YES;
				CLANG_WARN_COMMA = YES;
				CLANG_WARN_CONSTANT_CONVERSION = YES;
				CLANG_WARN_DEPRECATED_OBJC_IMPLEMENTATIONS = YES;
				CLANG_WARN_DIRECT_OBJC_ISA_USAGE = YES_ERROR;
				CLANG_WARN_DOCUMENTATION_COMMENTS = YES;
				CLANG_WARN_EMPTY_BODY = YES;
				CLANG_WARN_ENUM_CONVERSION = YES;
				CLANG_WARN_INFINITE_RECURSION = YES;
				CLANG_WARN_INT_CONVERSION = YES;
				CLANG_WARN_NON_LITERAL_NULL_CONVERSION = YES;
				CLANG_WARN_OBJC_IMPLICIT_RETAIN_SELF = YES;
				CLANG_WARN_OBJC_LITERAL_CONVERSION = YES;
				CLANG_WARN_OBJC_ROOT_CLASS = YES_ERROR;
				CLANG_WARN_QUOTED_INCLUDE_IN_FRAMEWORK_HEADER = YES;
				CLANG_WARN_RANGE_LOOP_ANALYSIS = YES;
				CLANG_WARN_STRICT_PROTOTYPES = YES;
				CLANG_WARN_SUSPICIOUS_MOVE = YES;
				CLANG_WARN_UNGUARDED_AVAILABILITY = YES_AGGRESSIVE;
				CLANG_WARN_UNREACHABLE_CODE = YES;
				CLANG_WARN__DUPLICATE_METHOD_MATCH = YES;
				COPY_PHASE_STRIP = NO;
				DEBUG_INFORMATION_FORMAT = dwarf;
				ENABLE_STRICT_OBJC_MSGSEND = YES;
				ENABLE_TESTABILITY = YES;
				GCC_C_LANGUAGE_STANDARD = gnu11;
				GCC_DYNAMIC_NO_PIC = NO;
				GCC_NO_COMMON_BLOCKS = YES;
				GCC_OPTIMIZATION_LEVEL = 0;
				GCC_PREPROCESSOR_DEFINITIONS = (
					"DEBUG=1",
					"$(inherited)",
				);
				GCC_WARN_64_TO_32_BIT_CONVERSION = YES;
				GCC_WARN_ABOUT_RETURN_TYPE = YES_ERROR;
				GCC_WARN_UNDECLARED_SELECTOR = YES;
				GCC_WARN_UNINITIALIZED_AUTOS = YES_AGGRESSIVE;
				GCC_WARN_UNUSED_FUNCTION = YES;
				GCC_WARN_UNUSED_VARIABLE = YES;
				IPHONEOS_DEPLOYMENT_TARGET = 13.0;
				MTL_ENABLE_DEBUG_INFO = INCLUDE_SOURCE;
				MTL_FAST_MATH = YES;
				ONLY_ACTIVE_ARCH = YES;
				SDKROOT = iphoneos;
				SWIFT_ACTIVE_COMPILATION_CONDITIONS = DEBUG;
				SWIFT_OPTIMIZATION_LEVEL = "-Onone";
			};
			name = Debug;
		};
		14CF43C9270984DE004BD07F /* Release */ = {
			isa = XCBuildConfiguration;
			buildSettings = {
				ALWAYS_SEARCH_USER_PATHS = NO;
				CLANG_ANALYZER_NONNULL = YES;
				CLANG_ANALYZER_NUMBER_OBJECT_CONVERSION = YES_AGGRESSIVE;
				CLANG_CXX_LANGUAGE_STANDARD = "gnu++14";
				CLANG_CXX_LIBRARY = "libc++";
				CLANG_ENABLE_MODULES = YES;
				CLANG_ENABLE_OBJC_ARC = YES;
				CLANG_ENABLE_OBJC_WEAK = YES;
				CLANG_WARN_BLOCK_CAPTURE_AUTORELEASING = YES;
				CLANG_WARN_BOOL_CONVERSION = YES;
				CLANG_WARN_COMMA = YES;
				CLANG_WARN_CONSTANT_CONVERSION = YES;
				CLANG_WARN_DEPRECATED_OBJC_IMPLEMENTATIONS = YES;
				CLANG_WARN_DIRECT_OBJC_ISA_USAGE = YES_ERROR;
				CLANG_WARN_DOCUMENTATION_COMMENTS = YES;
				CLANG_WARN_EMPTY_BODY = YES;
				CLANG_WARN_ENUM_CONVERSION = YES;
				CLANG_WARN_INFINITE_RECURSION = YES;
				CLANG_WARN_INT_CONVERSION = YES;
				CLANG_WARN_NON_LITERAL_NULL_CONVERSION = YES;
				CLANG_WARN_OBJC_IMPLICIT_RETAIN_SELF = YES;
				CLANG_WARN_OBJC_LITERAL_CONVERSION = YES;
				CLANG_WARN_OBJC_ROOT_CLASS = YES_ERROR;
				CLANG_WARN_QUOTED_INCLUDE_IN_FRAMEWORK_HEADER = YES;
				CLANG_WARN_RANGE_LOOP_ANALYSIS = YES;
				CLANG_WARN_STRICT_PROTOTYPES = YES;
				CLANG_WARN_SUSPICIOUS_MOVE = YES;
				CLANG_WARN_UNGUARDED_AVAILABILITY = YES_AGGRESSIVE;
				CLANG_WARN_UNREACHABLE_CODE = YES;
				CLANG_WARN__DUPLICATE_METHOD_MATCH = YES;
				COPY_PHASE_STRIP = NO;
				DEBUG_INFORMATION_FORMAT = "dwarf-with-dsym";
				ENABLE_NS_ASSERTIONS = NO;
				ENABLE_STRICT_OBJC_MSGSEND = YES;
				GCC_C_LANGUAGE_STANDARD = gnu11;
				GCC_NO_COMMON_BLOCKS = YES;
				GCC_WARN_64_TO_32_BIT_CONVERSION = YES;
				GCC_WARN_ABOUT_RETURN_TYPE = YES_ERROR;
				GCC_WARN_UNDECLARED_SELECTOR = YES;
				GCC_WARN_UNINITIALIZED_AUTOS = YES_AGGRESSIVE;
				GCC_WARN_UNUSED_FUNCTION = YES;
				GCC_WARN_UNUSED_VARIABLE = YES;
				IPHONEOS_DEPLOYMENT_TARGET = 13.0;
				MTL_ENABLE_DEBUG_INFO = NO;
				MTL_FAST_MATH = YES;
				SDKROOT = iphoneos;
				SWIFT_COMPILATION_MODE = wholemodule;
				SWIFT_OPTIMIZATION_LEVEL = "-O";
				VALIDATE_PRODUCT = YES;
			};
			name = Release;
		};
		14CF43CB270984DE004BD07F /* Debug */ = {
			isa = XCBuildConfiguration;
			buildSettings = {
				ASSETCATALOG_COMPILER_APPICON_NAME = AppIcon;
				ASSETCATALOG_COMPILER_GLOBAL_ACCENT_COLOR_NAME = AccentColor;
				CODE_SIGN_STYLE = Automatic;
				DEVELOPMENT_TEAM = A49LCJR8XW;
				INFOPLIST_FILE = GitHubClient/Info.plist;
				LD_RUNPATH_SEARCH_PATHS = (
					"$(inherited)",
					"@executable_path/Frameworks",
				);
				PRODUCT_BUNDLE_IDENTIFIER = jp.co.ayumu.GitHubClient;
				PRODUCT_NAME = "$(TARGET_NAME)";
				SWIFT_VERSION = 5.0;
				TARGETED_DEVICE_FAMILY = "1,2";
			};
			name = Debug;
		};
		14CF43CC270984DE004BD07F /* Release */ = {
			isa = XCBuildConfiguration;
			buildSettings = {
				ASSETCATALOG_COMPILER_APPICON_NAME = AppIcon;
				ASSETCATALOG_COMPILER_GLOBAL_ACCENT_COLOR_NAME = AccentColor;
				CODE_SIGN_STYLE = Automatic;
				DEVELOPMENT_TEAM = A49LCJR8XW;
				INFOPLIST_FILE = GitHubClient/Info.plist;
				LD_RUNPATH_SEARCH_PATHS = (
					"$(inherited)",
					"@executable_path/Frameworks",
				);
				PRODUCT_BUNDLE_IDENTIFIER = jp.co.ayumu.GitHubClient;
				PRODUCT_NAME = "$(TARGET_NAME)";
				SWIFT_VERSION = 5.0;
				TARGETED_DEVICE_FAMILY = "1,2";
			};
			name = Release;
		};
		14CF43CE270984DE004BD07F /* Debug */ = {
			isa = XCBuildConfiguration;
			buildSettings = {
				ALWAYS_EMBED_SWIFT_STANDARD_LIBRARIES = YES;
				BUNDLE_LOADER = "$(TEST_HOST)";
				CODE_SIGN_STYLE = Automatic;
				DEVELOPMENT_TEAM = A49LCJR8XW;
				INFOPLIST_FILE = GitHubClientTests/Info.plist;
				IPHONEOS_DEPLOYMENT_TARGET = 14.5;
				LD_RUNPATH_SEARCH_PATHS = (
					"$(inherited)",
					"@executable_path/Frameworks",
					"@loader_path/Frameworks",
				);
				PRODUCT_BUNDLE_IDENTIFIER = jp.co.ayumu.GitHubClientTests;
				PRODUCT_NAME = "$(TARGET_NAME)";
				SWIFT_VERSION = 5.0;
				TARGETED_DEVICE_FAMILY = "1,2";
				TEST_HOST = "$(BUILT_PRODUCTS_DIR)/GitHubClient.app/GitHubClient";
			};
			name = Debug;
		};
		14CF43CF270984DE004BD07F /* Release */ = {
			isa = XCBuildConfiguration;
			buildSettings = {
				ALWAYS_EMBED_SWIFT_STANDARD_LIBRARIES = YES;
				BUNDLE_LOADER = "$(TEST_HOST)";
				CODE_SIGN_STYLE = Automatic;
				DEVELOPMENT_TEAM = A49LCJR8XW;
				INFOPLIST_FILE = GitHubClientTests/Info.plist;
				IPHONEOS_DEPLOYMENT_TARGET = 14.5;
				LD_RUNPATH_SEARCH_PATHS = (
					"$(inherited)",
					"@executable_path/Frameworks",
					"@loader_path/Frameworks",
				);
				PRODUCT_BUNDLE_IDENTIFIER = jp.co.ayumu.GitHubClientTests;
				PRODUCT_NAME = "$(TARGET_NAME)";
				SWIFT_VERSION = 5.0;
				TARGETED_DEVICE_FAMILY = "1,2";
				TEST_HOST = "$(BUILT_PRODUCTS_DIR)/GitHubClient.app/GitHubClient";
			};
			name = Release;
		};
		14CF43D1270984DE004BD07F /* Debug */ = {
			isa = XCBuildConfiguration;
			buildSettings = {
				ALWAYS_EMBED_SWIFT_STANDARD_LIBRARIES = YES;
				CODE_SIGN_STYLE = Automatic;
				DEVELOPMENT_TEAM = A49LCJR8XW;
				INFOPLIST_FILE = GitHubClientUITests/Info.plist;
				LD_RUNPATH_SEARCH_PATHS = (
					"$(inherited)",
					"@executable_path/Frameworks",
					"@loader_path/Frameworks",
				);
				PRODUCT_BUNDLE_IDENTIFIER = jp.co.ayumu.GitHubClientUITests;
				PRODUCT_NAME = "$(TARGET_NAME)";
				SWIFT_VERSION = 5.0;
				TARGETED_DEVICE_FAMILY = "1,2";
				TEST_TARGET_NAME = GitHubClient;
			};
			name = Debug;
		};
		14CF43D2270984DE004BD07F /* Release */ = {
			isa = XCBuildConfiguration;
			buildSettings = {
				ALWAYS_EMBED_SWIFT_STANDARD_LIBRARIES = YES;
				CODE_SIGN_STYLE = Automatic;
				DEVELOPMENT_TEAM = A49LCJR8XW;
				INFOPLIST_FILE = GitHubClientUITests/Info.plist;
				LD_RUNPATH_SEARCH_PATHS = (
					"$(inherited)",
					"@executable_path/Frameworks",
					"@loader_path/Frameworks",
				);
				PRODUCT_BUNDLE_IDENTIFIER = jp.co.ayumu.GitHubClientUITests;
				PRODUCT_NAME = "$(TARGET_NAME)";
				SWIFT_VERSION = 5.0;
				TARGETED_DEVICE_FAMILY = "1,2";
				TEST_TARGET_NAME = GitHubClient;
			};
			name = Release;
		};
/* End XCBuildConfiguration section */

/* Begin XCConfigurationList section */
		14CF439B270984DA004BD07F /* Build configuration list for PBXProject "GitHubClient" */ = {
			isa = XCConfigurationList;
			buildConfigurations = (
				14CF43C8270984DE004BD07F /* Debug */,
				14CF43C9270984DE004BD07F /* Release */,
			);
			defaultConfigurationIsVisible = 0;
			defaultConfigurationName = Release;
		};
		14CF43CA270984DE004BD07F /* Build configuration list for PBXNativeTarget "GitHubClient" */ = {
			isa = XCConfigurationList;
			buildConfigurations = (
				14CF43CB270984DE004BD07F /* Debug */,
				14CF43CC270984DE004BD07F /* Release */,
			);
			defaultConfigurationIsVisible = 0;
			defaultConfigurationName = Release;
		};
		14CF43CD270984DE004BD07F /* Build configuration list for PBXNativeTarget "GitHubClientTests" */ = {
			isa = XCConfigurationList;
			buildConfigurations = (
				14CF43CE270984DE004BD07F /* Debug */,
				14CF43CF270984DE004BD07F /* Release */,
			);
			defaultConfigurationIsVisible = 0;
			defaultConfigurationName = Release;
		};
		14CF43D0270984DE004BD07F /* Build configuration list for PBXNativeTarget "GitHubClientUITests" */ = {
			isa = XCConfigurationList;
			buildConfigurations = (
				14CF43D1270984DE004BD07F /* Debug */,
				14CF43D2270984DE004BD07F /* Release */,
			);
			defaultConfigurationIsVisible = 0;
			defaultConfigurationName = Release;
		};
/* End XCConfigurationList section */
	};
	rootObject = 14CF4398270984DA004BD07F /* Project object */;
}
